// !$*UTF8*$!
{
	archiveVersion = 1;
	classes = {
	};
	objectVersion = 77;
	objects = {

/* Begin PBXContainerItemProxy section */
		4E9B29DB2DB5E7800020642D /* PBXContainerItemProxy */ = {
			isa = PBXContainerItemProxy;
			containerPortal = 4E9B29C12DB5E77F0020642D /* Project object */;
			proxyType = 1;
			remoteGlobalIDString = 4E9B29C82DB5E77F0020642D;
			remoteInfo = NekoGui;
		};
		4E9B29E52DB5E7800020642D /* PBXContainerItemProxy */ = {
			isa = PBXContainerItemProxy;
			containerPortal = 4E9B29C12DB5E77F0020642D /* Project object */;
			proxyType = 1;
			remoteGlobalIDString = 4E9B29C82DB5E77F0020642D;
			remoteInfo = NekoGui;
		};
/* End PBXContainerItemProxy section */

/* Begin PBXFileReference section */
		4E9B29C92DB5E77F0020642D /* NekoGui.app */ = {isa = PBXFileReference; explicitFileType = wrapper.application; includeInIndex = 0; path = NekoGui.app; sourceTree = BUILT_PRODUCTS_DIR; };
		4E9B29DA2DB5E7800020642D /* NekoGuiTests.xctest */ = {isa = PBXFileReference; explicitFileType = wrapper.cfbundle; includeInIndex = 0; path = NekoGuiTests.xctest; sourceTree = BUILT_PRODUCTS_DIR; };
		4E9B29E42DB5E7800020642D /* NekoGuiUITests.xctest */ = {isa = PBXFileReference; explicitFileType = wrapper.cfbundle; includeInIndex = 0; path = NekoGuiUITests.xctest; sourceTree = BUILT_PRODUCTS_DIR; };
/* End PBXFileReference section */

/* Begin PBXFileSystemSynchronizedRootGroup section */
		4E9B29CB2DB5E77F0020642D /* NekoGui */ = {
			isa = PBXFileSystemSynchronizedRootGroup;
			path = NekoGui;
			sourceTree = "<group>";
		};
		4E9B29DD2DB5E7800020642D /* NekoGuiTests */ = {
			isa = PBXFileSystemSynchronizedRootGroup;
			path = NekoGuiTests;
			sourceTree = "<group>";
		};
		4E9B29E72DB5E7800020642D /* NekoGuiUITests */ = {
			isa = PBXFileSystemSynchronizedRootGroup;
			path = NekoGuiUITests;
			sourceTree = "<group>";
		};
/* End PBXFileSystemSynchronizedRootGroup section */

/* Begin PBXFrameworksBuildPhase section */
		4E9B29C62DB5E77F0020642D /* Frameworks */ = {
			isa = PBXFrameworksBuildPhase;
			buildActionMask = 2147483647;
			files = (
			);
			runOnlyForDeploymentPostprocessing = 0;
		};
		4E9B29D72DB5E7800020642D /* Frameworks */ = {
			isa = PBXFrameworksBuildPhase;
			buildActionMask = 2147483647;
			files = (
			);
			runOnlyForDeploymentPostprocessing = 0;
		};
		4E9B29E12DB5E7800020642D /* Frameworks */ = {
			isa = PBXFrameworksBuildPhase;
			buildActionMask = 2147483647;
			files = (
			);
			runOnlyForDeploymentPostprocessing = 0;
		};
/* End PBXFrameworksBuildPhase section */

/* Begin PBXGroup section */
		4E9B29C02DB5E77F0020642D = {
			isa = PBXGroup;
			children = (
				4E9B29CB2DB5E77F0020642D /* NekoGui */,
				4E9B29DD2DB5E7800020642D /* NekoGuiTests */,
				4E9B29E72DB5E7800020642D /* NekoGuiUITests */,
				4E9B29CA2DB5E77F0020642D /* Products */,
			);
			sourceTree = "<group>";
		};
		4E9B29CA2DB5E77F0020642D /* Products */ = {
			isa = PBXGroup;
			children = (
				4E9B29C92DB5E77F0020642D /* NekoGui.app */,
				4E9B29DA2DB5E7800020642D /* NekoGuiTests.xctest */,
				4E9B29E42DB5E7800020642D /* NekoGuiUITests.xctest */,
			);
			name = Products;
			sourceTree = "<group>";
		};
/* End PBXGroup section */

/* Begin PBXNativeTarget section */
		4E9B29C82DB5E77F0020642D /* NekoGui */ = {
			isa = PBXNativeTarget;
			buildConfigurationList = 4E9B29EE2DB5E7800020642D /* Build configuration list for PBXNativeTarget "NekoGui" */;
			buildPhases = (
				4E9B29C52DB5E77F0020642D /* Sources */,
				4E9B29C62DB5E77F0020642D /* Frameworks */,
				4E9B29C72DB5E77F0020642D /* Resources */,
			);
			buildRules = (
			);
			dependencies = (
			);
			fileSystemSynchronizedGroups = (
				4E9B29CB2DB5E77F0020642D /* NekoGui */,
			);
			name = NekoGui;
			packageProductDependencies = (
			);
			productName = NekoGui;
			productReference = 4E9B29C92DB5E77F0020642D /* NekoGui.app */;
			productType = "com.apple.product-type.application";
		};
		4E9B29D92DB5E7800020642D /* NekoGuiTests */ = {
			isa = PBXNativeTarget;
			buildConfigurationList = 4E9B29F12DB5E7800020642D /* Build configuration list for PBXNativeTarget "NekoGuiTests" */;
			buildPhases = (
				4E9B29D62DB5E7800020642D /* Sources */,
				4E9B29D72DB5E7800020642D /* Frameworks */,
				4E9B29D82DB5E7800020642D /* Resources */,
			);
			buildRules = (
			);
			dependencies = (
				4E9B29DC2DB5E7800020642D /* PBXTargetDependency */,
			);
			fileSystemSynchronizedGroups = (
				4E9B29DD2DB5E7800020642D /* NekoGuiTests */,
			);
			name = NekoGuiTests;
			packageProductDependencies = (
			);
			productName = NekoGuiTests;
			productReference = 4E9B29DA2DB5E7800020642D /* NekoGuiTests.xctest */;
			productType = "com.apple.product-type.bundle.unit-test";
		};
		4E9B29E32DB5E7800020642D /* NekoGuiUITests */ = {
			isa = PBXNativeTarget;
			buildConfigurationList = 4E9B29F42DB5E7800020642D /* Build configuration list for PBXNativeTarget "NekoGuiUITests" */;
			buildPhases = (
				4E9B29E02DB5E7800020642D /* Sources */,
				4E9B29E12DB5E7800020642D /* Frameworks */,
				4E9B29E22DB5E7800020642D /* Resources */,
			);
			buildRules = (
			);
			dependencies = (
				4E9B29E62DB5E7800020642D /* PBXTargetDependency */,
			);
			fileSystemSynchronizedGroups = (
				4E9B29E72DB5E7800020642D /* NekoGuiUITests */,
			);
			name = NekoGuiUITests;
			packageProductDependencies = (
			);
			productName = NekoGuiUITests;
			productReference = 4E9B29E42DB5E7800020642D /* NekoGuiUITests.xctest */;
			productType = "com.apple.product-type.bundle.ui-testing";
		};
/* End PBXNativeTarget section */

/* Begin PBXProject section */
		4E9B29C12DB5E77F0020642D /* Project object */ = {
			isa = PBXProject;
			attributes = {
				BuildIndependentTargetsInParallel = 1;
				LastSwiftUpdateCheck = 1620;
				LastUpgradeCheck = 1620;
				TargetAttributes = {
					4E9B29C82DB5E77F0020642D = {
						CreatedOnToolsVersion = 16.2;
					};
					4E9B29D92DB5E7800020642D = {
						CreatedOnToolsVersion = 16.2;
						TestTargetID = 4E9B29C82DB5E77F0020642D;
					};
					4E9B29E32DB5E7800020642D = {
						CreatedOnToolsVersion = 16.2;
						TestTargetID = 4E9B29C82DB5E77F0020642D;
					};
				};
			};
			buildConfigurationList = 4E9B29C42DB5E77F0020642D /* Build configuration list for PBXProject "NekoGui" */;
			developmentRegion = en;
			hasScannedForEncodings = 0;
			knownRegions = (
				en,
				Base,
			);
			mainGroup = 4E9B29C02DB5E77F0020642D;
			minimizedProjectReferenceProxies = 1;
			preferredProjectObjectVersion = 77;
			productRefGroup = 4E9B29CA2DB5E77F0020642D /* Products */;
			projectDirPath = "";
			projectRoot = "";
			targets = (
				4E9B29C82DB5E77F0020642D /* NekoGui */,
				4E9B29D92DB5E7800020642D /* NekoGuiTests */,
				4E9B29E32DB5E7800020642D /* NekoGuiUITests */,
			);
		};
/* End PBXProject section */

/* Begin PBXResourcesBuildPhase section */
		4E9B29C72DB5E77F0020642D /* Resources */ = {
			isa = PBXResourcesBuildPhase;
			buildActionMask = 2147483647;
			files = (
			);
			runOnlyForDeploymentPostprocessing = 0;
		};
		4E9B29D82DB5E7800020642D /* Resources */ = {
			isa = PBXResourcesBuildPhase;
			buildActionMask = 2147483647;
			files = (
			);
			runOnlyForDeploymentPostprocessing = 0;
		};
		4E9B29E22DB5E7800020642D /* Resources */ = {
			isa = PBXResourcesBuildPhase;
			buildActionMask = 2147483647;
			files = (
			);
			runOnlyForDeploymentPostprocessing = 0;
		};
/* End PBXResourcesBuildPhase section */

/* Begin PBXSourcesBuildPhase section */
		4E9B29C52DB5E77F0020642D /* Sources */ = {
			isa = PBXSourcesBuildPhase;
			buildActionMask = 2147483647;
			files = (
			);
			runOnlyForDeploymentPostprocessing = 0;
		};
		4E9B29D62DB5E7800020642D /* Sources */ = {
			isa = PBXSourcesBuildPhase;
			buildActionMask = 2147483647;
			files = (
			);
			runOnlyForDeploymentPostprocessing = 0;
		};
		4E9B29E02DB5E7800020642D /* Sources */ = {
			isa = PBXSourcesBuildPhase;
			buildActionMask = 2147483647;
			files = (
			);
			runOnlyForDeploymentPostprocessing = 0;
		};
/* End PBXSourcesBuildPhase section */

/* Begin PBXTargetDependency section */
		4E9B29DC2DB5E7800020642D /* PBXTargetDependency */ = {
			isa = PBXTargetDependency;
			target = 4E9B29C82DB5E77F0020642D /* NekoGui */;
			targetProxy = 4E9B29DB2DB5E7800020642D /* PBXContainerItemProxy */;
		};
		4E9B29E62DB5E7800020642D /* PBXTargetDependency */ = {
			isa = PBXTargetDependency;
			target = 4E9B29C82DB5E77F0020642D /* NekoGui */;
			targetProxy = 4E9B29E52DB5E7800020642D /* PBXContainerItemProxy */;
		};
/* End PBXTargetDependency section */

/* Begin XCBuildConfiguration section */
		4E9B29EC2DB5E7800020642D /* Debug */ = {
			isa = XCBuildConfiguration;
			buildSettings = {
				ALWAYS_SEARCH_USER_PATHS = NO;
				ASSETCATALOG_COMPILER_GENERATE_SWIFT_ASSET_SYMBOL_EXTENSIONS = YES;
				CLANG_ANALYZER_NONNULL = YES;
				CLANG_ANALYZER_NUMBER_OBJECT_CONVERSION = YES_AGGRESSIVE;
				CLANG_CXX_LANGUAGE_STANDARD = "gnu++20";
				CLANG_ENABLE_MODULES = YES;
				CLANG_ENABLE_OBJC_ARC = YES;
				CLANG_ENABLE_OBJC_WEAK = YES;
				CLANG_WARN_BLOCK_CAPTURE_AUTORELEASING = YES;
				CLANG_WARN_BOOL_CONVERSION = YES;
				CLANG_WARN_COMMA = YES;
				CLANG_WARN_CONSTANT_CONVERSION = YES;
				CLANG_WARN_DEPRECATED_OBJC_IMPLEMENTATIONS = YES;
				CLANG_WARN_DIRECT_OBJC_ISA_USAGE = YES_ERROR;
				CLANG_WARN_DOCUMENTATION_COMMENTS = YES;
				CLANG_WARN_EMPTY_BODY = YES;
				CLANG_WARN_ENUM_CONVERSION = YES;
				CLANG_WARN_INFINITE_RECURSION = YES;
				CLANG_WARN_INT_CONVERSION = YES;
				CLANG_WARN_NON_LITERAL_NULL_CONVERSION = YES;
				CLANG_WARN_OBJC_IMPLICIT_RETAIN_SELF = YES;
				CLANG_WARN_OBJC_LITERAL_CONVERSION = YES;
				CLANG_WARN_OBJC_ROOT_CLASS = YES_ERROR;
				CLANG_WARN_QUOTED_INCLUDE_IN_FRAMEWORK_HEADER = YES;
				CLANG_WARN_RANGE_LOOP_ANALYSIS = YES;
				CLANG_WARN_STRICT_PROTOTYPES = YES;
				CLANG_WARN_SUSPICIOUS_MOVE = YES;
				CLANG_WARN_UNGUARDED_AVAILABILITY = YES_AGGRESSIVE;
				CLANG_WARN_UNREACHABLE_CODE = YES;
				CLANG_WARN__DUPLICATE_METHOD_MATCH = YES;
				COPY_PHASE_STRIP = NO;
				DEBUG_INFORMATION_FORMAT = dwarf;
				ENABLE_STRICT_OBJC_MSGSEND = YES;
				ENABLE_TESTABILITY = YES;
				ENABLE_USER_SCRIPT_SANDBOXING = YES;
				GCC_C_LANGUAGE_STANDARD = gnu17;
				GCC_DYNAMIC_NO_PIC = NO;
				GCC_NO_COMMON_BLOCKS = YES;
				GCC_OPTIMIZATION_LEVEL = 0;
				GCC_PREPROCESSOR_DEFINITIONS = (
					"DEBUG=1",
					"$(inherited)",
				);
				GCC_WARN_64_TO_32_BIT_CONVERSION = YES;
				GCC_WARN_ABOUT_RETURN_TYPE = YES_ERROR;
				GCC_WARN_UNDECLARED_SELECTOR = YES;
				GCC_WARN_UNINITIALIZED_AUTOS = YES_AGGRESSIVE;
				GCC_WARN_UNUSED_FUNCTION = YES;
				GCC_WARN_UNUSED_VARIABLE = YES;
				LOCALIZATION_PREFERS_STRING_CATALOGS = YES;
				MACOSX_DEPLOYMENT_TARGET = 15.2;
				MTL_ENABLE_DEBUG_INFO = INCLUDE_SOURCE;
				MTL_FAST_MATH = YES;
				ONLY_ACTIVE_ARCH = YES;
				SDKROOT = macosx;
				SWIFT_ACTIVE_COMPILATION_CONDITIONS = "DEBUG $(inherited)";
				SWIFT_OPTIMIZATION_LEVEL = "-Onone";
			};
			name = Debug;
		};
		4E9B29ED2DB5E7800020642D /* Release */ = {
			isa = XCBuildConfiguration;
			buildSettings = {
				ALWAYS_SEARCH_USER_PATHS = NO;
				ASSETCATALOG_COMPILER_GENERATE_SWIFT_ASSET_SYMBOL_EXTENSIONS = YES;
				CLANG_ANALYZER_NONNULL = YES;
				CLANG_ANALYZER_NUMBER_OBJECT_CONVERSION = YES_AGGRESSIVE;
				CLANG_CXX_LANGUAGE_STANDARD = "gnu++20";
				CLANG_ENABLE_MODULES = YES;
				CLANG_ENABLE_OBJC_ARC = YES;
				CLANG_ENABLE_OBJC_WEAK = YES;
				CLANG_WARN_BLOCK_CAPTURE_AUTORELEASING = YES;
				CLANG_WARN_BOOL_CONVERSION = YES;
				CLANG_WARN_COMMA = YES;
				CLANG_WARN_CONSTANT_CONVERSION = YES;
				CLANG_WARN_DEPRECATED_OBJC_IMPLEMENTATIONS = YES;
				CLANG_WARN_DIRECT_OBJC_ISA_USAGE = YES_ERROR;
				CLANG_WARN_DOCUMENTATION_COMMENTS = YES;
				CLANG_WARN_EMPTY_BODY = YES;
				CLANG_WARN_ENUM_CONVERSION = YES;
				CLANG_WARN_INFINITE_RECURSION = YES;
				CLANG_WARN_INT_CONVERSION = YES;
				CLANG_WARN_NON_LITERAL_NULL_CONVERSION = YES;
				CLANG_WARN_OBJC_IMPLICIT_RETAIN_SELF = YES;
				CLANG_WARN_OBJC_LITERAL_CONVERSION = YES;
				CLANG_WARN_OBJC_ROOT_CLASS = YES_ERROR;
				CLANG_WARN_QUOTED_INCLUDE_IN_FRAMEWORK_HEADER = YES;
				CLANG_WARN_RANGE_LOOP_ANALYSIS = YES;
				CLANG_WARN_STRICT_PROTOTYPES = YES;
				CLANG_WARN_SUSPICIOUS_MOVE = YES;
				CLANG_WARN_UNGUARDED_AVAILABILITY = YES_AGGRESSIVE;
				CLANG_WARN_UNREACHABLE_CODE = YES;
				CLANG_WARN__DUPLICATE_METHOD_MATCH = YES;
				COPY_PHASE_STRIP = NO;
				DEBUG_INFORMATION_FORMAT = "dwarf-with-dsym";
				ENABLE_NS_ASSERTIONS = NO;
				ENABLE_STRICT_OBJC_MSGSEND = YES;
				ENABLE_USER_SCRIPT_SANDBOXING = YES;
				GCC_C_LANGUAGE_STANDARD = gnu17;
				GCC_NO_COMMON_BLOCKS = YES;
				GCC_WARN_64_TO_32_BIT_CONVERSION = YES;
				GCC_WARN_ABOUT_RETURN_TYPE = YES_ERROR;
				GCC_WARN_UNDECLARED_SELECTOR = YES;
				GCC_WARN_UNINITIALIZED_AUTOS = YES_AGGRESSIVE;
				GCC_WARN_UNUSED_FUNCTION = YES;
				GCC_WARN_UNUSED_VARIABLE = YES;
				LOCALIZATION_PREFERS_STRING_CATALOGS = YES;
				MACOSX_DEPLOYMENT_TARGET = 15.2;
				MTL_ENABLE_DEBUG_INFO = NO;
				MTL_FAST_MATH = YES;
				SDKROOT = macosx;
				SWIFT_COMPILATION_MODE = wholemodule;
			};
			name = Release;
		};
		4E9B29EF2DB5E7800020642D /* Debug */ = {
			isa = XCBuildConfiguration;
			buildSettings = {
				ASSETCATALOG_COMPILER_APPICON_NAME = AppIcon;
				ASSETCATALOG_COMPILER_GLOBAL_ACCENT_COLOR_NAME = AccentColor;
				CODE_SIGN_ENTITLEMENTS = NekoGui/NekoGui.entitlements;
				CODE_SIGN_STYLE = Automatic;
				COMBINE_HIDPI_IMAGES = YES;
				CURRENT_PROJECT_VERSION = 1;
				DEVELOPMENT_ASSET_PATHS = "\"NekoGui/Preview Content\"";
				DEVELOPMENT_TEAM = X779V3VRF5;
				ENABLE_HARDENED_RUNTIME = YES;
				ENABLE_PREVIEWS = YES;
				GENERATE_INFOPLIST_FILE = YES;
				INFOPLIST_KEY_CFBundleDisplayName = Neko;
				INFOPLIST_KEY_LSApplicationCategoryType = "public.app-category.developer-tools";
				INFOPLIST_KEY_NSHumanReadableCopyright = "";
				LD_RUNPATH_SEARCH_PATHS = (
					"$(inherited)",
					"@executable_path/../Frameworks",
				);
				MARKETING_VERSION = 1.0;
				PRODUCT_BUNDLE_IDENTIFIER = io.ziogd.NekoGui;
				PRODUCT_NAME = "$(TARGET_NAME)";
				SWIFT_EMIT_LOC_STRINGS = YES;
				SWIFT_VERSION = 5.0;
			};
			name = Debug;
		};
		4E9B29F02DB5E7800020642D /* Release */ = {
			isa = XCBuildConfiguration;
			buildSettings = {
				ASSETCATALOG_COMPILER_APPICON_NAME = AppIcon;
				ASSETCATALOG_COMPILER_GLOBAL_ACCENT_COLOR_NAME = AccentColor;
				CODE_SIGN_ENTITLEMENTS = NekoGui/NekoGui.entitlements;
				CODE_SIGN_STYLE = Automatic;
				COMBINE_HIDPI_IMAGES = YES;
				CURRENT_PROJECT_VERSION = 1;
				DEVELOPMENT_ASSET_PATHS = "\"NekoGui/Preview Content\"";
				DEVELOPMENT_TEAM = X779V3VRF5;
				ENABLE_HARDENED_RUNTIME = YES;
				ENABLE_PREVIEWS = YES;
				GENERATE_INFOPLIST_FILE = YES;
				INFOPLIST_KEY_CFBundleDisplayName = Neko;
				INFOPLIST_KEY_LSApplicationCategoryType = "public.app-category.developer-tools";
				INFOPLIST_KEY_NSHumanReadableCopyright = "";
				LD_RUNPATH_SEARCH_PATHS = (
					"$(inherited)",
					"@executable_path/../Frameworks",
				);
				MARKETING_VERSION = 1.0;
				PRODUCT_BUNDLE_IDENTIFIER = io.ziogd.NekoGui;
				PRODUCT_NAME = "$(TARGET_NAME)";
				SWIFT_EMIT_LOC_STRINGS = YES;
				SWIFT_VERSION = 5.0;
			};
			name = Release;
		};
		4E9B29F22DB5E7800020642D /* Debug */ = {
			isa = XCBuildConfiguration;
			buildSettings = {
				BUNDLE_LOADER = "$(TEST_HOST)";
				CODE_SIGN_STYLE = Automatic;
				CURRENT_PROJECT_VERSION = 1;
				DEVELOPMENT_TEAM = X779V3VRF5;
				GENERATE_INFOPLIST_FILE = YES;
				MACOSX_DEPLOYMENT_TARGET = 15.2;
				MARKETING_VERSION = 1.0;
				PRODUCT_BUNDLE_IDENTIFIER = io.ziogd.NekoGuiTests;
				PRODUCT_NAME = "$(TARGET_NAME)";
				SWIFT_EMIT_LOC_STRINGS = NO;
				SWIFT_VERSION = 5.0;
				TEST_HOST = "$(BUILT_PRODUCTS_DIR)/NekoGui.app/$(BUNDLE_EXECUTABLE_FOLDER_PATH)/NekoGui";
			};
			name = Debug;
		};
		4E9B29F32DB5E7800020642D /* Release */ = {
			isa = XCBuildConfiguration;
			buildSettings = {
				BUNDLE_LOADER = "$(TEST_HOST)";
				CODE_SIGN_STYLE = Automatic;
				CURRENT_PROJECT_VERSION = 1;
				DEVELOPMENT_TEAM = X779V3VRF5;
				GENERATE_INFOPLIST_FILE = YES;
				MACOSX_DEPLOYMENT_TARGET = 15.2;
				MARKETING_VERSION = 1.0;
				PRODUCT_BUNDLE_IDENTIFIER = io.ziogd.NekoGuiTests;
				PRODUCT_NAME = "$(TARGET_NAME)";
				SWIFT_EMIT_LOC_STRINGS = NO;
				SWIFT_VERSION = 5.0;
				TEST_HOST = "$(BUILT_PRODUCTS_DIR)/NekoGui.app/$(BUNDLE_EXECUTABLE_FOLDER_PATH)/NekoGui";
			};
			name = Release;
		};
		4E9B29F52DB5E7800020642D /* Debug */ = {
			isa = XCBuildConfiguration;
			buildSettings = {
				CODE_SIGN_STYLE = Automatic;
				CURRENT_PROJECT_VERSION = 1;
				DEVELOPMENT_TEAM = X779V3VRF5;
				GENERATE_INFOPLIST_FILE = YES;
				MARKETING_VERSION = 1.0;
				PRODUCT_BUNDLE_IDENTIFIER = io.ziogd.NekoGuiUITests;
				PRODUCT_NAME = "$(TARGET_NAME)";
				SWIFT_EMIT_LOC_STRINGS = NO;
				SWIFT_VERSION = 5.0;
				TEST_TARGET_NAME = NekoGui;
			};
			name = Debug;
		};
		4E9B29F62DB5E7800020642D /* Release */ = {
			isa = XCBuildConfiguration;
			buildSettings = {
				CODE_SIGN_STYLE = Automatic;
				CURRENT_PROJECT_VERSION = 1;
				DEVELOPMENT_TEAM = X779V3VRF5;
				GENERATE_INFOPLIST_FILE = YES;
				MARKETING_VERSION = 1.0;
				PRODUCT_BUNDLE_IDENTIFIER = io.ziogd.NekoGuiUITests;
				PRODUCT_NAME = "$(TARGET_NAME)";
				SWIFT_EMIT_LOC_STRINGS = NO;
				SWIFT_VERSION = 5.0;
				TEST_TARGET_NAME = NekoGui;
			};
			name = Release;
		};
/* End XCBuildConfiguration section */

/* Begin XCConfigurationList section */
		4E9B29C42DB5E77F0020642D /* Build configuration list for PBXProject "NekoGui" */ = {
			isa = XCConfigurationList;
			buildConfigurations = (
				4E9B29EC2DB5E7800020642D /* Debug */,
				4E9B29ED2DB5E7800020642D /* Release */,
			);
			defaultConfigurationIsVisible = 0;
			defaultConfigurationName = Release;
		};
		4E9B29EE2DB5E7800020642D /* Build configuration list for PBXNativeTarget "NekoGui" */ = {
			isa = XCConfigurationList;
			buildConfigurations = (
				4E9B29EF2DB5E7800020642D /* Debug */,
				4E9B29F02DB5E7800020642D /* Release */,
			);
			defaultConfigurationIsVisible = 0;
			defaultConfigurationName = Release;
		};
		4E9B29F12DB5E7800020642D /* Build configuration list for PBXNativeTarget "NekoGuiTests" */ = {
			isa = XCConfigurationList;
			buildConfigurations = (
				4E9B29F22DB5E7800020642D /* Debug */,
				4E9B29F32DB5E7800020642D /* Release */,
			);
			defaultConfigurationIsVisible = 0;
			defaultConfigurationName = Release;
		};
		4E9B29F42DB5E7800020642D /* Build configuration list for PBXNativeTarget "NekoGuiUITests" */ = {
			isa = XCConfigurationList;
			buildConfigurations = (
				4E9B29F52DB5E7800020642D /* Debug */,
				4E9B29F62DB5E7800020642D /* Release */,
			);
			defaultConfigurationIsVisible = 0;
			defaultConfigurationName = Release;
		};
/* End XCConfigurationList section */
	};
	rootObject = 4E9B29C12DB5E77F0020642D /* Project object */;
}
